{
  "nodes": {
    "agenix": {
      "inputs": {
        "flake-utils": [
          "flake-utils"
        ],
        "nixpkgs": [
          "nixpkgs"
        ]
      },
      "locked": {
        "lastModified": 1612129170,
        "narHash": "sha256-7tsk06tCq+T1tSydI4rOcmDW0i9xO/sBX/8SEabM5yI=",
        "owner": "rien",
        "repo": "agenix",
        "rev": "017422ed4c6b8ffe269a5919c716bfe28ac5df14",
        "type": "github"
      },
      "original": {
        "owner": "rien",
        "ref": "master",
        "repo": "agenix",
        "type": "github"
      }
    },
    "flake-utils": {
      "locked": {
        "lastModified": 1610051610,
        "narHash": "sha256-U9rPz/usA1/Aohhk7Cmc2gBrEEKRzcW4nwPWMPwja4Y=",
        "owner": "numtide",
        "repo": "flake-utils",
        "rev": "3982c9903e93927c2164caa727cd3f6a0e6d14cc",
        "type": "github"
      },
      "original": {
        "owner": "numtide",
        "ref": "master",
        "repo": "flake-utils",
        "type": "github"
      }
    },
    "home-manager": {
      "inputs": {
        "nixpkgs": [
          "nixpkgs"
        ]
      },
      "locked": {
        "lastModified": 1614167338,
        "narHash": "sha256-AVLNi0P7esq4d0y6vd6ZPKre+KfXi2WGaN4I/t6C7OY=",
        "owner": "rien",
        "repo": "home-manager",
        "rev": "ef804c78202b824c2d0ac5082115fbd9bc19fe9d",
        "type": "github"
      },
      "original": {
        "owner": "rien",
        "ref": "master",
        "repo": "home-manager",
        "type": "github"
      }
    },
    "nixpkgs": {
      "locked": {
        "lastModified": 1614183752,
        "narHash": "sha256-zavKglwYAxT+xHJU2ZRF3vTSdo1KzR3nAf9sptfr7Ps=",
        "owner": "rien",
        "repo": "nixpkgs",
        "rev": "02ff6e0b4e714907904d763ed8e588bd96ce0606",
        "type": "github"
      },
      "original": {
        "owner": "rien",
        "ref": "unstable-with-zeroad-24",
        "repo": "nixpkgs",
        "type": "github"
      }
    },
    "root": {
      "inputs": {
        "agenix": "agenix",
        "flake-utils": "flake-utils",
        "home-manager": "home-manager",
        "nixpkgs": "nixpkgs"
      }
    }
  },
  "root": "root",
  "version": 7
}
