{
  "nodes": {
    "accentor": {
      "inputs": {
        "api": "api",
        "devshell": [
          "devshell"
        ],
        "flake-utils": [
          "flake-utils"
        ],
        "nixpkgs": [
          "nixpkgs"
        ],
        "web": "web"
      },
      "locked": {
        "lastModified": 1662065525,
        "narHash": "sha256-iZiuq7YH7UawZJ9Cr33nTzkSTWhxr7baAyL3w8sVX8I=",
        "owner": "accentor",
        "repo": "flake",
        "rev": "f0f53207f0a229bb8445242a0569ba5b65112903",
        "type": "github"
      },
      "original": {
        "owner": "accentor",
        "repo": "flake",
        "type": "github"
      }
    },
    "accentor-api": {
      "inputs": {
        "devshell": [
          "devshell"
        ],
        "flake-utils": [
          "flake-utils"
        ],
        "nixpkgs": [
          "nixpkgs"
        ]
      },
      "locked": {
        "lastModified": 1662195920,
        "narHash": "sha256-avIVHWaR9hJXYSHqEh6qUmy4EetcE2XkzLt1RZMklJk=",
        "owner": "accentor",
        "repo": "api",
        "rev": "f4266d760cf14ab32188efa56c14e36502c56c84",
        "type": "github"
      },
      "original": {
        "owner": "accentor",
        "repo": "api",
        "type": "github"
      }
    },
    "accentor-web": {
      "inputs": {
        "devshell": [
          "devshell"
        ],
        "flake-utils": [
          "flake-utils"
        ],
        "nixpkgs": [
          "nixpkgs"
        ]
      },
      "locked": {
        "lastModified": 1662196057,
        "narHash": "sha256-3NPecp5e77aSFkvNfIwSQo4W98B8vBNizdEJ274QfZI=",
        "owner": "accentor",
        "repo": "web",
        "rev": "ec45c1d36109b4493e1d198b584ba8b2aff59375",
        "type": "github"
      },
      "original": {
        "owner": "accentor",
        "repo": "web",
        "type": "github"
      }
    },
    "agenix": {
      "inputs": {
        "nixpkgs": [
          "nixpkgs"
        ]
      },
      "locked": {
        "lastModified": 1662241716,
        "narHash": "sha256-urqPvSvvGUhkwzTDxUI8N1nsdMysbAfjmBNZaTYBZRU=",
        "owner": "ryantm",
        "repo": "agenix",
        "rev": "c96da5835b76d3d8e8d99a0fec6fe32f8539ee2e",
        "type": "github"
      },
      "original": {
        "owner": "ryantm",
        "ref": "main",
        "repo": "agenix",
        "type": "github"
      }
    },
    "api": {
      "inputs": {
        "devshell": [
          "accentor",
          "devshell"
        ],
        "flake-utils": [
          "accentor",
          "flake-utils"
        ],
        "nixpkgs": [
          "accentor",
          "nixpkgs"
        ]
      },
      "locked": {
        "lastModified": 1656611723,
        "narHash": "sha256-zgb3/v4VI2yaIWds5ysv5fB6DLug+IyF/eY+yPt73yA=",
        "owner": "accentor",
        "repo": "api",
        "rev": "18470a331b1ff45bd9a8a8b1b55438697c6e01c8",
        "type": "github"
      },
      "original": {
        "owner": "accentor",
        "ref": "v0.18.1",
        "repo": "api",
        "type": "github"
      }
    },
    "devshell": {
      "inputs": {
        "flake-utils": [
          "flake-utils"
        ],
        "nixpkgs": [
          "nixpkgs"
        ]
      },
      "locked": {
        "lastModified": 1660811669,
        "narHash": "sha256-V6lmsaLNFz41myppL0yxglta92ijkSvpZ+XVygAh+bU=",
        "owner": "numtide",
        "repo": "devshell",
        "rev": "c2feacb46ee69949124c835419861143c4016fb5",
        "type": "github"
      },
      "original": {
        "owner": "numtide",
        "repo": "devshell",
        "type": "github"
      }
    },
    "flake-utils": {
      "locked": {
        "lastModified": 1659877975,
        "narHash": "sha256-zllb8aq3YO3h8B/U0/J1WBgAL8EX5yWf5pMj3G0NAmc=",
        "owner": "numtide",
        "repo": "flake-utils",
        "rev": "c0e246b9b83f637f4681389ecabcb2681b4f3af0",
        "type": "github"
      },
      "original": {
        "owner": "numtide",
        "ref": "master",
        "repo": "flake-utils",
        "type": "github"
      }
    },
    "home-manager": {
      "inputs": {
        "nixpkgs": [
          "nixpkgs"
        ],
        "utils": "utils"
      },
      "locked": {
        "lastModified": 1661824092,
        "narHash": "sha256-nSWLWytlXbeLrx5A+r5Pso7CvVrX5EgmIIXW/EXvPHQ=",
        "owner": "nix-community",
        "repo": "home-manager",
        "rev": "5bd66dc6cd967033489c69d486402b75d338eeb6",
        "type": "github"
      },
      "original": {
        "owner": "nix-community",
        "ref": "master",
        "repo": "home-manager",
        "type": "github"
      }
    },
    "mfauth": {
      "inputs": {
        "flake-utils": [
          "flake-utils"
        ],
        "nixpkgs": [
          "nixpkgs"
        ],
        "rust-overlay": "rust-overlay"
      },
      "locked": {
        "lastModified": 1656592749,
        "narHash": "sha256-7Rzjvegv6wb6LLWrNUvFkDmbYIhiBNH6zTcNgtOEWqk=",
        "owner": "rien",
        "repo": "mfauth",
        "rev": "b88b9f431449495737f0cb43860fdc78756156ed",
        "type": "github"
      },
      "original": {
        "owner": "rien",
        "ref": "main",
        "repo": "mfauth",
        "type": "github"
      }
    },
    "musnix": {
      "inputs": {
        "nixpkgs": [
          "nixpkgs"
        ]
      },
      "locked": {
        "lastModified": 1662101674,
        "narHash": "sha256-Yn4jpQ3xMn2U8E/hZiaCulFn7NkUTZ5PMMPY8ClMJD4=",
        "owner": "musnix",
        "repo": "musnix",
        "rev": "c28a81cfdc33cbe95bce3aa853da5d8e5d8f5d00",
        "type": "github"
      },
      "original": {
        "owner": "musnix",
        "repo": "musnix",
        "type": "github"
      }
    },
    "nixpkgs": {
      "locked": {
        "lastModified": 1662019588,
        "narHash": "sha256-oPEjHKGGVbBXqwwL+UjsveJzghWiWV0n9ogo1X6l4cw=",
        "owner": "NixOS",
        "repo": "nixpkgs",
        "rev": "2da64a81275b68fdad38af669afeda43d401e94b",
        "type": "github"
      },
      "original": {
        "owner": "NixOS",
        "ref": "nixos-unstable",
        "repo": "nixpkgs",
        "type": "github"
      }
    },
    "root": {
      "inputs": {
        "accentor": "accentor",
        "accentor-api": "accentor-api",
        "accentor-web": "accentor-web",
        "agenix": "agenix",
        "devshell": "devshell",
        "flake-utils": "flake-utils",
        "home-manager": "home-manager",
        "mfauth": "mfauth",
        "musnix": "musnix",
        "nixpkgs": "nixpkgs",
        "zeroad": "zeroad"
      }
    },
    "rust-overlay": {
      "inputs": {
        "flake-utils": [
          "mfauth",
          "flake-utils"
        ],
        "nixpkgs": [
          "mfauth",
          "nixpkgs"
        ]
      },
      "locked": {
        "lastModified": 1656567145,
        "narHash": "sha256-2xlv+g7kIb3f+1QdHlqpHPFfFw4myXUCC+cWk+6C4aE=",
        "owner": "oxalica",
        "repo": "rust-overlay",
        "rev": "3e95d6696b51f88b3ebfc7a21aefaeeb70a245bd",
        "type": "github"
      },
      "original": {
        "owner": "oxalica",
        "repo": "rust-overlay",
        "type": "github"
      }
    },
    "utils": {
      "locked": {
        "lastModified": 1653893745,
        "narHash": "sha256-0jntwV3Z8//YwuOjzhV2sgJJPt+HY6KhU7VZUL0fKZQ=",
        "owner": "numtide",
        "repo": "flake-utils",
        "rev": "1ed9fb1935d260de5fe1c2f7ee0ebaae17ed2fa1",
        "type": "github"
      },
      "original": {
        "owner": "numtide",
        "repo": "flake-utils",
        "type": "github"
      }
    },
    "web": {
      "inputs": {
        "devshell": [
          "accentor",
          "devshell"
        ],
        "flake-utils": [
          "accentor",
          "flake-utils"
        ],
        "nixpkgs": [
          "accentor",
          "nixpkgs"
        ]
      },
      "locked": {
        "lastModified": 1656611659,
        "narHash": "sha256-L9aNgUXB8uoaqAePCrxdSrJIBksmKWzURUTs68DIEh4=",
        "owner": "accentor",
        "repo": "web",
        "rev": "fed9c035e09ce799c5891eff89ec57a165027f7c",
        "type": "github"
      },
      "original": {
        "owner": "accentor",
        "ref": "v0.31.0",
        "repo": "web",
        "type": "github"
      }
    },
    "zeroad": {
      "inputs": {
        "nixpkgs": [
          "nixpkgs"
        ]
      },
      "locked": {
        "lastModified": 1651321188,
        "narHash": "sha256-yeZgwom6SvUe2+3LWBMWDW3vaeDQSdkEXDsL9Qklmnw=",
        "owner": "chvp",
        "repo": "0ad-flake",
        "rev": "1151359ec2fcf4d5f77821a5c3228deac94bac96",
        "type": "github"
      },
      "original": {
        "owner": "chvp",
        "repo": "0ad-flake",
        "type": "github"
      }
    }
  },
  "root": "root",
  "version": 7
}
